
Microsoft Visual Studio Solution File, Format Version 12.00
# Visual Studio Version 17
VisualStudioVersion = 17.14.36121.58
MinimumVisualStudioVersion = 10.0.40219.1
Project("{FAE04EC0-301F-11D3-BF4B-00C04F79EFBC}") = "Cbo.API", "Cbo.API\Cbo.API.csproj", "{D1C8613D-959E-4023-8432-A85FDB2C3F59}"
EndProject
Project("{2150E333-8FDC-42A3-9474-1A3956D46DE8}") = "Solution Items", "Solution Items", "{02EA681E-C7D8-13C7-8484-4AC65E1B71E8}"
	ProjectSection(SolutionItems) = preProject
		.editorconfig = .editorconfig
		Directory.Packages.props = Directory.Packages.props
	EndProjectSection
EndProject
Global
	GlobalSection(SolutionConfigurationPlatforms) = preSolution
		Debug|Any CPU = Debug|Any CPU
		Release|Any CPU = Release|Any CPU
	EndGlobalSection
	GlobalSection(ProjectConfigurationPlatforms) = postSolution
		{D1C8613D-959E-4023-8432-A85FDB2C3F59}.Debug|Any CPU.ActiveCfg = Debug|Any CPU
		{D1C8613D-959E-4023-8432-A85FDB2C3F59}.Debug|Any CPU.Build.0 = Debug|Any CPU
		{D1C8613D-959E-4023-8432-A85FDB2C3F59}.Release|Any CPU.ActiveCfg = Release|Any CPU
		{D1C8613D-959E-4023-8432-A85FDB2C3F59}.Release|Any CPU.Build.0 = Release|Any CPU
	EndGlobalSection
	GlobalSection(SolutionProperties) = preSolution
		HideSolutionNode = FALSE
	EndGlobalSection
	GlobalSection(ExtensibilityGlobals) = postSolution
		SolutionGuid = {E85393C2-C5D0-456B-9382-2E070D9F59BE}
	EndGlobalSection
EndGlobal
